
Microsoft Visual Studio Solution File, Format Version 12.00
# Visual Studio Version 17
VisualStudioVersion = 17.14.36429.23
MinimumVisualStudioVersion = 10.0.40219.1
Project("{2150E333-8FDC-42A3-9474-1A3956D46DE8}") = "Domain", "Domain", "{02EA681E-C7D8-13C7-8484-4AC65E1B71E8}"
EndProject
Project("{2150E333-8FDC-42A3-9474-1A3956D46DE8}") = "API", "API", "{74D14DFB-3478-45FD-AF58-CFC9B923CD65}"
EndProject
Project("{2150E333-8FDC-42A3-9474-1A3956D46DE8}") = "Data", "Data", "{1E704A8C-B37A-4506-B27A-775455B0F2FC}"
EndProject
Project("{2150E333-8FDC-42A3-9474-1A3956D46DE8}") = "Tests", "Tests", "{D32CF2BC-BA9B-4080-BAAF-702BDD29C203}"
EndProject
Project("{FAE04EC0-301F-11D3-BF4B-00C04F79EFBC}") = "Project.HR.Data", "Project.HR.Data\Project.HR.Data.csproj", "{BF27F78F-1976-4781-8FDC-757BB2471534}"
EndProject
Project("{FAE04EC0-301F-11D3-BF4B-00C04F79EFBC}") = "Project.HR.Domain", "Project.HR.Domain\Project.HR.Domain.csproj", "{ECA50E2D-4E97-4998-B590-E51671C7242D}"
EndProject
Project("{FAE04EC0-301F-11D3-BF4B-00C04F79EFBC}") = "Project.HR.WebAPI", "Project.HR.WebAPI\Project.HR.WebAPI.csproj", "{1BBE52B3-E9CD-43BB-BB60-A7C2BE48E384}"
EndProject
Project("{FAE04EC0-301F-11D3-BF4B-00C04F79EFBC}") = "Project.HR.DataTests", "Project.HR.DataTests\Project.HR.DataTests.csproj", "{B06482BD-ED82-46DB-AA84-FB4582FB5EE7}"
EndProject
Global
	GlobalSection(SolutionConfigurationPlatforms) = preSolution
		Debug|Any CPU = Debug|Any CPU
		Release|Any CPU = Release|Any CPU
	EndGlobalSection
	GlobalSection(ProjectConfigurationPlatforms) = postSolution
		{BF27F78F-1976-4781-8FDC-757BB2471534}.Debug|Any CPU.ActiveCfg = Debug|Any CPU
		{BF27F78F-1976-4781-8FDC-757BB2471534}.Debug|Any CPU.Build.0 = Debug|Any CPU
		{BF27F78F-1976-4781-8FDC-757BB2471534}.Release|Any CPU.ActiveCfg = Release|Any CPU
		{BF27F78F-1976-4781-8FDC-757BB2471534}.Release|Any CPU.Build.0 = Release|Any CPU
		{ECA50E2D-4E97-4998-B590-E51671C7242D}.Debug|Any CPU.ActiveCfg = Debug|Any CPU
		{ECA50E2D-4E97-4998-B590-E51671C7242D}.Debug|Any CPU.Build.0 = Debug|Any CPU
		{ECA50E2D-4E97-4998-B590-E51671C7242D}.Release|Any CPU.ActiveCfg = Release|Any CPU
		{ECA50E2D-4E97-4998-B590-E51671C7242D}.Release|Any CPU.Build.0 = Release|Any CPU
		{1BBE52B3-E9CD-43BB-BB60-A7C2BE48E384}.Debug|Any CPU.ActiveCfg = Debug|Any CPU
		{1BBE52B3-E9CD-43BB-BB60-A7C2BE48E384}.Debug|Any CPU.Build.0 = Debug|Any CPU
		{1BBE52B3-E9CD-43BB-BB60-A7C2BE48E384}.Release|Any CPU.ActiveCfg = Release|Any CPU
		{1BBE52B3-E9CD-43BB-BB60-A7C2BE48E384}.Release|Any CPU.Build.0 = Release|Any CPU
		{B06482BD-ED82-46DB-AA84-FB4582FB5EE7}.Debug|Any CPU.ActiveCfg = Debug|Any CPU
		{B06482BD-ED82-46DB-AA84-FB4582FB5EE7}.Debug|Any CPU.Build.0 = Debug|Any CPU
		{B06482BD-ED82-46DB-AA84-FB4582FB5EE7}.Release|Any CPU.ActiveCfg = Release|Any CPU
		{B06482BD-ED82-46DB-AA84-FB4582FB5EE7}.Release|Any CPU.Build.0 = Release|Any CPU
	EndGlobalSection
	GlobalSection(SolutionProperties) = preSolution
		HideSolutionNode = FALSE
	EndGlobalSection
	GlobalSection(NestedProjects) = preSolution
		{BF27F78F-1976-4781-8FDC-757BB2471534} = {1E704A8C-B37A-4506-B27A-775455B0F2FC}
		{ECA50E2D-4E97-4998-B590-E51671C7242D} = {02EA681E-C7D8-13C7-8484-4AC65E1B71E8}
		{1BBE52B3-E9CD-43BB-BB60-A7C2BE48E384} = {74D14DFB-3478-45FD-AF58-CFC9B923CD65}
		{B06482BD-ED82-46DB-AA84-FB4582FB5EE7} = {D32CF2BC-BA9B-4080-BAAF-702BDD29C203}
	EndGlobalSection
	GlobalSection(ExtensibilityGlobals) = postSolution
		SolutionGuid = {412C3541-9472-4F3D-A6E2-4E55D6D0263F}
	EndGlobalSection
EndGlobal
